
Microsoft Visual Studio Solution File, Format Version 12.00
# Visual Studio Version 17
VisualStudioVersion = 17.8.34316.72
MinimumVisualStudioVersion = 10.0.40219.1
Project("{9A19103F-16F7-4668-BE54-9A1E7A4F7556}") = "Projeto_CodeDeveloper_24", "Projeto_CodeDeveloper_24\Projeto_CodeDeveloper_24.csproj", "{3CEBC110-FC59-43E4-8EAA-B79CA582671B}"
EndProject
Project("{FAE04EC0-301F-11D3-BF4B-00C04F79EFBC}") = "Projeto_CodeDeveloper24.web", "Projeto_CodeDeveloper24.web\Projeto_CodeDeveloper24.web.csproj", "{7687B746-A042-43BF-9139-5EEB40AF83F7}"
EndProject
Project("{FAE04EC0-301F-11D3-BF4B-00C04F79EFBC}") = "Projeto_CodeDeveloper24.models", "Projeto_CodeDeveloper24.models\Projeto_CodeDeveloper24.models.csproj", "{F20003B5-AE21-4C6D-95A2-066524B124B5}"
EndProject
Global
	GlobalSection(SolutionConfigurationPlatforms) = preSolution
		Debug|Any CPU = Debug|Any CPU
		Release|Any CPU = Release|Any CPU
	EndGlobalSection
	GlobalSection(ProjectConfigurationPlatforms) = postSolution
		{3CEBC110-FC59-43E4-8EAA-B79CA582671B}.Debug|Any CPU.ActiveCfg = Debug|Any CPU
		{3CEBC110-FC59-43E4-8EAA-B79CA582671B}.Debug|Any CPU.Build.0 = Debug|Any CPU
		{3CEBC110-FC59-43E4-8EAA-B79CA582671B}.Release|Any CPU.ActiveCfg = Release|Any CPU
		{3CEBC110-FC59-43E4-8EAA-B79CA582671B}.Release|Any CPU.Build.0 = Release|Any CPU
		{7687B746-A042-43BF-9139-5EEB40AF83F7}.Debug|Any CPU.ActiveCfg = Debug|Any CPU
		{7687B746-A042-43BF-9139-5EEB40AF83F7}.Debug|Any CPU.Build.0 = Debug|Any CPU
		{7687B746-A042-43BF-9139-5EEB40AF83F7}.Release|Any CPU.ActiveCfg = Release|Any CPU
		{7687B746-A042-43BF-9139-5EEB40AF83F7}.Release|Any CPU.Build.0 = Release|Any CPU
		{F20003B5-AE21-4C6D-95A2-066524B124B5}.Debug|Any CPU.ActiveCfg = Debug|Any CPU
		{F20003B5-AE21-4C6D-95A2-066524B124B5}.Debug|Any CPU.Build.0 = Debug|Any CPU
		{F20003B5-AE21-4C6D-95A2-066524B124B5}.Release|Any CPU.ActiveCfg = Release|Any CPU
		{F20003B5-AE21-4C6D-95A2-066524B124B5}.Release|Any CPU.Build.0 = Release|Any CPU
	EndGlobalSection
	GlobalSection(SolutionProperties) = preSolution
		HideSolutionNode = FALSE
	EndGlobalSection
	GlobalSection(ExtensibilityGlobals) = postSolution
		SolutionGuid = {66675EFF-8732-4B7B-8C7D-079B8AD9CEFF}
	EndGlobalSection
EndGlobal
